
Microsoft Visual Studio Solution File, Format Version 12.00
# Visual Studio Version 16
VisualStudioVersion = 16.0.29326.143
MinimumVisualStudioVersion = 10.0.40219.1
Project("{FAE04EC0-301F-11D3-BF4B-00C04F79EFBC}") = "Escola Parte 2", "Escola Parte 2\Escola Parte 2.csproj", "{31CCF321-5070-4760-BC5D-EEC2398DCEE4}"
EndProject
Global
	GlobalSection(SolutionConfigurationPlatforms) = preSolution
		Debug|Any CPU = Debug|Any CPU
		Release|Any CPU = Release|Any CPU
	EndGlobalSection
	GlobalSection(ProjectConfigurationPlatforms) = postSolution
		{31CCF321-5070-4760-BC5D-EEC2398DCEE4}.Debug|Any CPU.ActiveCfg = Debug|Any CPU
		{31CCF321-5070-4760-BC5D-EEC2398DCEE4}.Debug|Any CPU.Build.0 = Debug|Any CPU
		{31CCF321-5070-4760-BC5D-EEC2398DCEE4}.Release|Any CPU.ActiveCfg = Release|Any CPU
		{31CCF321-5070-4760-BC5D-EEC2398DCEE4}.Release|Any CPU.Build.0 = Release|Any CPU
	EndGlobalSection
	GlobalSection(SolutionProperties) = preSolution
		HideSolutionNode = FALSE
	EndGlobalSection
	GlobalSection(ExtensibilityGlobals) = postSolution
		SolutionGuid = {F15FC735-BB42-44B9-BC07-624DE40B1757}
	EndGlobalSection
EndGlobal
